# THIS IS AN AUTOGENERATED FILE. DO NOT EDIT THIS FILE DIRECTLY.
# yarn lockfile v1


"@babel/runtime@^7.16.7":
  version "7.17.2"
  resolved "https://artifactory.csq.fr/api/npm/npm/@babel/runtime/-/runtime-7.17.2.tgz#66f68591605e59da47523c631416b18508779941"
  integrity sha1-ZvaFkWBeWdpHUjxjFBaxhQh3mUE=
  dependencies:
    regenerator-runtime "^0.13.4"

"@xmldom/xmldom@^0.7.3":
  version "0.7.5"
  resolved "https://artifactory.csq.fr/api/npm/npm/@xmldom/xmldom/-/xmldom-0.7.5.tgz#09fa51e356d07d0be200642b0e4f91d8e6dd408d"
  integrity sha1-CfpR41bQfQviAGQrDk+R2ObdQI0=

"argparse@~ 0.1.3":
  version "0.1.16"
  resolved "https://artifactory.csq.fr/api/npm/npm/argparse/-/argparse-0.1.16.tgz#cfd01e0fbba3d6caed049fbd758d40f65196f57c"
  integrity sha1-z9AeD7uj1srtBJ+9dY1A9lGW9Xw=
  dependencies:
    underscore "~1.7.0"
    underscore.string "~2.4.0"

chancejs@^0.0.8:
  version "0.0.8"
  resolved "https://artifactory.csq.fr/api/npm/npm/chancejs/-/chancejs-0.0.8.tgz#6392b1c887693e48b3e6a610efb0c4171ff14ba0"
  integrity sha1-Y5KxyIdpPkiz5qYQ77DEFx/xS6A=
  dependencies:
    mixinsjs "0.1.1"
    neat "0.0.74"

coffee-script@1.4.0:
  version "1.4.0"
  resolved "https://artifactory.csq.fr/api/npm/npm/coffee-script/-/coffee-script-1.4.0.tgz#5e3bc8aac26c01a8e27bf107722c5655f5ad7d36"
  integrity sha1-XjvIqsJsAajie/EHcixWVfWtfTY=

"coffee-script@>= 1.1.3", coffee-script@>=1.0.1, coffee-script@>=1.2.0:
  version "1.12.7"
  resolved "https://artifactory.csq.fr/api/npm/npm/coffee-script/-/coffee-script-1.12.7.tgz#c05dae0cb79591d05b3070a8433a98c9a89ccc53"
  integrity sha1-wF2uDLeVkdBbMHCoQzqYyaiczFM=

coffeelint@0.2.0:
  version "0.2.0"
  resolved "https://artifactory.csq.fr/api/npm/npm/coffeelint/-/coffeelint-0.2.0.tgz#eef7d5f0909a2eee13fe93a50d15899ca9be5fc7"
  integrity sha1-7vfV8JCaLu4T/pOlDRWJnKm+X8c=
  dependencies:
    coffee-script ">=1.2.0"
    optimist ">=0.2.8"

collect.js@^4.31.3:
  version "4.31.3"
  resolved "https://artifactory.csq.fr/api/npm/npm/collect.js/-/collect.js-4.31.3.tgz#a13aec0b59051de93196e56e2da9ce36a8ee9a42"
  integrity sha1-oTrsC1kFHekxluVuLanONqjumkI=

colors@0.6.0-1:
  version "0.6.0-1"
  resolved "https://artifactory.csq.fr/api/npm/npm/colors/-/colors-0.6.0-1.tgz#6dbb68ceb8bc60f2b313dcc5ce1599f06d19e67a"
  integrity sha1-bbtozri8YPKzE9zFzhWZ8G0Z5no=

commander@1.0.5:
  version "1.0.5"
  resolved "https://artifactory.csq.fr/api/npm/npm/commander/-/commander-1.0.5.tgz#457295bb976e388e9dd0db52de4333e249f3d88c"
  integrity sha1-RXKVu5duOI6d0NtS3kMz4knz2Iw=
  dependencies:
    keypress "0.1.x"

complex.js@^2.0.15:
  version "2.0.15"
  resolved "https://artifactory.csq.fr/api/npm/npm/complex.js/-/complex.js-2.0.15.tgz#7add6848b4c1d12aa9262f7df925ebe7a51a7406"
  integrity sha1-et1oSLTB0SqpJi99+SXr56UadAY=

cssom@0.2.x:
  version "0.2.5"
  resolved "https://artifactory.csq.fr/api/npm/npm/cssom/-/cssom-0.2.5.tgz#2682709b5902e7212df529116ff788cd5b254894"
  integrity sha1-JoJwm1kC5yEt9SkRb/eIzVslSJQ=

date-fns@^2.28.0:
  version "2.28.0"
  resolved "https://artifactory.csq.fr/api/npm/npm/date-fns/-/date-fns-2.28.0.tgz#9570d656f5fc13143e50c975a3b6bbeb46cd08b2"
  integrity sha1-lXDWVvX8ExQ+UMl1o7a760bNCLI=

debug@*:
  version "4.3.3"
  resolved "https://artifactory.csq.fr/api/npm/npm/debug/-/debug-4.3.3.tgz#04266e0b70a98d4462e6e288e38259213332b664"
  integrity sha1-BCZuC3CpjURi5uKI44JZITMytmQ=
  dependencies:
    ms "2.1.2"

decimal.js@^10.3.1:
  version "10.3.1"
  resolved "https://artifactory.csq.fr/api/npm/npm/decimal.js/-/decimal.js-10.3.1.tgz#d8c3a444a9c6774ba60ca6ad7261c3a94fd5e783"
  integrity sha1-2MOkRKnGd0umDKatcmHDqU/V54M=

"docco@git://github.com/abe33/docco.git#feature-exports":
  version "0.3.1"
  resolved "git://github.com/abe33/docco.git#199cbc8addca9500287938182e986958f4126f36"

escape-latex@^1.2.0:
  version "1.2.0"
  resolved "https://artifactory.csq.fr/api/npm/npm/escape-latex/-/escape-latex-1.2.0.tgz#07c03818cf7dac250cce517f4fda1b001ef2bca1"
  integrity sha1-B8A4GM99rCUMzlF/T9obAB7yvKE=

"findit@>= 0.1.2":
  version "2.0.0"
  resolved "https://artifactory.csq.fr/api/npm/npm/findit/-/findit-2.0.0.tgz#6509f0126af4c178551cfa99394e032e13a4d56e"
  integrity sha1-ZQnwEmr0wXhVHPqZOU4DLhOk1W4=

fraction.js@^4.1.2:
  version "4.1.3"
  resolved "https://artifactory.csq.fr/api/npm/npm/fraction.js/-/fraction.js-4.1.3.tgz#be65b0f20762ef27e1e793860bc2dfb716e99e65"
  integrity sha1-vmWw8gdi7yfh55OGC8LftxbpnmU=

fs@^0.0.1-security:
  version "0.0.1-security"
  resolved "https://artifactory.csq.fr/api/npm/npm/fs/-/fs-0.0.1-security.tgz#8a7bd37186b6dddf3813f23858b57ecaaf5e41d4"
  integrity sha1-invTcYa23d84E/I4WLV+yq9eQdQ=

glob@3.1.14:
  version "3.1.14"
  resolved "https://artifactory.csq.fr/api/npm/npm/glob/-/glob-3.1.14.tgz#f97a731c41da6695dc83944bbb2177e9a29b363d"
  integrity sha1-+XpzHEHaZpXcg5RLuyF36aKbNj0=
  dependencies:
    graceful-fs "~1.1.2"
    inherits "1"
    minimatch "0.2"

graceful-fs@~1.1.2:
  version "1.1.14"
  resolved "https://artifactory.csq.fr/api/npm/npm/graceful-fs/-/graceful-fs-1.1.14.tgz#07078db5f6377f6321fceaaedf497de124dc9465"
  integrity sha1-BweNtfY3f2Mh/Oqu30l94STclGU=

haml-coffee@1.6.2:
  version "1.6.2"
  resolved "https://artifactory.csq.fr/api/npm/npm/haml-coffee/-/haml-coffee-1.6.2.tgz#1a7ba90660485c7fd1eb7f96def3188976975fcc"
  integrity sha1-GnupBmBIXH/R63+W3vMYiXaXX8w=
  dependencies:
    coffee-script ">= 1.1.3"
    findit ">= 0.1.2"
    optimist ">= 0.3.0"

"highlight.js@git://github.com/abe33/highlight.js.git#node_build":
  version "7.2.0"
  resolved "git://github.com/abe33/highlight.js.git#8abb167e3d4aa687c04dde55658658ef2e8f48af"

inherits@1:
  version "1.0.2"
  resolved "https://artifactory.csq.fr/api/npm/npm/inherits/-/inherits-1.0.2.tgz#ca4309dadee6b54cc0b8d247e8d7c7a0975bdc9b"
  integrity sha1-ykMJ2t7mtUzAuNJH6NfHoJdb3Js=

"jasmine-node@git://github.com/abe33/jasmine-node.git#patch-1":
  version "1.0.26"
  resolved "git://github.com/abe33/jasmine-node.git#fc6862f1025983625aa514e32f457bb501411dc2"
  dependencies:
    coffee-script ">=1.0.1"
    jasmine-reporters ">=0.2.0"
    requirejs ">=0.27.1"
    underscore ">= 1.3.1"
    walkdir ">= 0.0.1"

jasmine-reporters@>=0.2.0:
  version "2.5.0"
  resolved "https://artifactory.csq.fr/api/npm/npm/jasmine-reporters/-/jasmine-reporters-2.5.0.tgz#f9e2e0f82aaa2e07e8d553be56457efe0fd8b39e"
  integrity sha1-+eLg+CqqLgfo1VO+VkV+/g/Ys54=
  dependencies:
    "@xmldom/xmldom" "^0.7.3"
    mkdirp "^1.0.4"

javascript-natural-sort@^0.7.1:
  version "0.7.1"
  resolved "https://artifactory.csq.fr/api/npm/npm/javascript-natural-sort/-/javascript-natural-sort-0.7.1.tgz#f9e2303d4507f6d74355a73664d1440fb5a0ef59"
  integrity sha1-+eIwPUUH9tdDVac2ZNFED7Wg71k=

js-yaml@1.0.2:
  version "1.0.2"
  resolved "https://artifactory.csq.fr/api/npm/npm/js-yaml/-/js-yaml-1.0.2.tgz#ee3f5cebdf1b62d721e573480879d12e919c80d0"
  integrity sha1-7j9c698bYtch5XNICHnRLpGcgNA=
  dependencies:
    argparse "~ 0.1.3"

keypress@0.1.x:
  version "0.1.0"
  resolved "https://artifactory.csq.fr/api/npm/npm/keypress/-/keypress-0.1.0.tgz#4a3188d4291b66b4f65edb99f806aa9ae293592a"
  integrity sha1-SjGI1CkbZrT2XtuZ+AaqmuKTWSo=

lodash@^4.17.21:
  version "4.17.21"
  resolved "https://artifactory.csq.fr/api/npm/npm/lodash/-/lodash-4.17.21.tgz#679591c564c3bffaae8454cf0b3df370c3d6911c"
  integrity sha1-Z5WRxWTDv/quhFTPCz3zcMPWkRw=

lru-cache@2:
  version "2.7.3"
  resolved "https://artifactory.csq.fr/api/npm/npm/lru-cache/-/lru-cache-2.7.3.tgz#6d4524e8b955f95d4f5b58851ce21dd72fb4e952"
  integrity sha1-bUUk6LlV+V1PW1iFHOId1y+06VI=

mathjs@^10.1.1:
  version "10.1.1"
  resolved "https://artifactory.csq.fr/api/npm/npm/mathjs/-/mathjs-10.1.1.tgz#99b647387b65c4b5c47b71e11d59481473ccfa0d"
  integrity sha1-mbZHOHtlxLXEe3HhHVlIFHPM+g0=
  dependencies:
    "@babel/runtime" "^7.16.7"
    complex.js "^2.0.15"
    decimal.js "^10.3.1"
    escape-latex "^1.2.0"
    fraction.js "^4.1.2"
    javascript-natural-sort "^0.7.1"
    seedrandom "^3.0.5"
    tiny-emitter "^2.1.0"
    typed-function "^2.0.0"

minimatch@0.2:
  version "0.2.14"
  resolved "https://artifactory.csq.fr/api/npm/npm/minimatch/-/minimatch-0.2.14.tgz#c74e780574f63c6f9a090e90efbe6ef53a6a756a"
  integrity sha1-x054BXT2PG+aCQ6Q775u9TpqdWo=
  dependencies:
    lru-cache "2"
    sigmund "~1.0.0"

minimist@~0.0.1:
  version "0.0.10"
  resolved "https://artifactory.csq.fr/api/npm/npm/minimist/-/minimist-0.0.10.tgz#de3f98543dbf96082be48ad1a0c7cda836301dcf"
  integrity sha1-3j+YVD2/lggr5IrRoMfNqDYwHc8=

mixinsjs@0.1.1:
  version "0.1.1"
  resolved "https://artifactory.csq.fr/api/npm/npm/mixinsjs/-/mixinsjs-0.1.1.tgz#b37b6bab779213a3dedd69e979177e99f8bd71d6"
  integrity sha1-s3trq3eSE6Pe3WnpeRd+mfi9cdY=
  dependencies:
    neat "0.0.74"

mkdirp@0.3.x:
  version "0.3.5"
  resolved "https://artifactory.csq.fr/api/npm/npm/mkdirp/-/mkdirp-0.3.5.tgz#de3e5f8961c88c787ee1368df849ac4413eca8d7"
  integrity sha1-3j5fiWHIjHh+4TaN+EmsRBPsqNc=

mkdirp@^1.0.4:
  version "1.0.4"
  resolved "https://artifactory.csq.fr/api/npm/npm/mkdirp/-/mkdirp-1.0.4.tgz#3eb5ed62622756d79a5f0e2a221dfebad75c2f7e"
  integrity sha1-PrXtYmInVteaXw4qIh3+utdcL34=

ms@2.1.2:
  version "2.1.2"
  resolved "https://artifactory.csq.fr/api/npm/npm/ms/-/ms-2.1.2.tgz#d09d1f357b443f493382a8eb3ccd183872ae6009"
  integrity sha1-0J0fNXtEP0kzgqjrPM0YOHKuYAk=

mustache@0.7.0:
  version "0.7.0"
  resolved "https://artifactory.csq.fr/api/npm/npm/mustache/-/mustache-0.7.0.tgz#fca750fb3ebde6377f77498c71cf9fd23a502ee9"
  integrity sha1-/KdQ+z695jd/d0mMcc+f0jpQLuk=

nanoid@^3.3.1:
  version "3.3.1"
  resolved "https://artifactory.csq.fr/api/npm/npm/nanoid/-/nanoid-3.3.1.tgz#6347a18cac88af88f58af0b3594b723d5e99bb35"
  integrity sha1-Y0ehjKyIr4j1ivCzWUtyPV6ZuzU=

neat@0.0.74:
  version "0.0.74"
  resolved "https://artifactory.csq.fr/api/npm/npm/neat/-/neat-0.0.74.tgz#6945e634bb5e63eb3e8bf00367510da0453d65bd"
  integrity sha1-aUXmNLteY+s+i/ADZ1ENoEU9Zb0=
  dependencies:
    coffee-script "1.4.0"
    coffeelint "0.2.0"
    colors "0.6.0-1"
    commander "1.0.5"
    docco "git://github.com/abe33/docco.git#feature-exports"
    glob "3.1.14"
    haml-coffee "1.6.2"
    highlight.js "git://github.com/abe33/highlight.js.git#node_build"
    jasmine-node "git://github.com/abe33/jasmine-node.git#patch-1"
    js-yaml "1.0.2"
    mustache "0.7.0"
    stylus "0.30.1"
    uglify-js "1.3.4"

"optimist@>= 0.3.0", optimist@>=0.2.8:
  version "0.6.1"
  resolved "https://artifactory.csq.fr/api/npm/npm/optimist/-/optimist-0.6.1.tgz#da3ea74686fa21a19a111c326e90eb15a0196686"
  integrity sha1-2j6nRob6IaGaERwybpDrFaAZZoY=
  dependencies:
    minimist "~0.0.1"
    wordwrap "~0.0.2"

ramda@^0.28.0:
  version "0.28.0"
  resolved "https://artifactory.csq.fr/api/npm/npm/ramda/-/ramda-0.28.0.tgz#acd785690100337e8b063cab3470019be427cc97"
  integrity sha1-rNeFaQEAM36LBjyrNHABm+QnzJc=

regenerator-runtime@^0.13.4:
  version "0.13.9"
  resolved "https://artifactory.csq.fr/api/npm/npm/regenerator-runtime/-/regenerator-runtime-0.13.9.tgz#8925742a98ffd90814988d7566ad30ca3b263b52"
  integrity sha1-iSV0Kpj/2QgUmI11Zq0wyjsmO1I=

requirejs@>=0.27.1:
  version "2.3.6"
  resolved "https://artifactory.csq.fr/api/npm/npm/requirejs/-/requirejs-2.3.6.tgz#e5093d9601c2829251258c0b9445d4d19fa9e7c9"
  integrity sha1-5Qk9lgHCgpJRJYwLlEXU0Z+p58k=

seedrandom@^3.0.5:
  version "3.0.5"
  resolved "https://artifactory.csq.fr/api/npm/npm/seedrandom/-/seedrandom-3.0.5.tgz#54edc85c95222525b0c7a6f6b3543d8e0b3aa0a7"
  integrity sha1-VO3IXJUiJSWwx6b2s1Q9jgs6oKc=

sigmund@~1.0.0:
  version "1.0.1"
  resolved "https://artifactory.csq.fr/api/npm/npm/sigmund/-/sigmund-1.0.1.tgz#3ff21f198cad2175f9f3b781853fd94d0d19b590"
  integrity sha1-P/IfGYytIXX587eBhT/ZTQ0ZtZA=

stylus@0.30.1:
  version "0.30.1"
  resolved "https://artifactory.csq.fr/api/npm/npm/stylus/-/stylus-0.30.1.tgz#8fce4fb3940f4556e1dca1c43ce8be2876c80325"
  integrity sha1-j85Ps5QPRVbh3KHEPOi+KHbIAyU=
  dependencies:
    cssom "0.2.x"
    debug "*"
    mkdirp "0.3.x"

sugar-core@^2.0.0:
  version "2.0.6"
  resolved "https://artifactory.csq.fr/api/npm/npm/sugar-core/-/sugar-core-2.0.6.tgz#785e0cd64aa7302ea54d47bc1213efe52c006270"
  integrity sha1-eF4M1kqnMC6lTUe8EhPv5SwAYnA=

sugar@^2.0.6:
  version "2.0.6"
  resolved "https://artifactory.csq.fr/api/npm/npm/sugar/-/sugar-2.0.6.tgz#aa08e389add27109fb35718598313e0503a4fc39"
  integrity sha1-qgjjia3ScQn7NXGFmDE+BQOk/Dk=
  dependencies:
    sugar-core "^2.0.0"

tiny-emitter@^2.1.0:
  version "2.1.0"
  resolved "https://artifactory.csq.fr/api/npm/npm/tiny-emitter/-/tiny-emitter-2.1.0.tgz#1d1a56edfc51c43e863cbb5382a72330e3555423"
  integrity sha1-HRpW7fxRxD6GPLtTgqcjMONVVCM=

typed-function@^2.0.0:
  version "2.0.0"
  resolved "https://artifactory.csq.fr/api/npm/npm/typed-function/-/typed-function-2.0.0.tgz#15ab3825845138a8b1113bd89e60cd6a435739e8"
  integrity sha1-Fas4JYRROKixETvYnmDNakNXOeg=

uglify-js@1.3.4:
  version "1.3.4"
  resolved "https://artifactory.csq.fr/api/npm/npm/uglify-js/-/uglify-js-1.3.4.tgz#282cec40db568798e0ec6d71d0c989d323f0636b"
  integrity sha1-KCzsQNtWh5jg7G1x0MmJ0yPwY2s=

underscore.string@~2.4.0:
  version "2.4.0"
  resolved "https://artifactory.csq.fr/api/npm/npm/underscore.string/-/underscore.string-2.4.0.tgz#8cdd8fbac4e2d2ea1e7e2e8097c42f442280f85b"
  integrity sha1-jN2PusTi0uoefi6Al8QvRCKA+Fs=

"underscore@>= 1.3.1":
  version "1.13.2"
  resolved "https://artifactory.csq.fr/api/npm/npm/underscore/-/underscore-1.13.2.tgz#276cea1e8b9722a8dbed0100a407dda572125881"
  integrity sha1-J2zqHouXIqjb7QEApAfdpXISWIE=

underscore@~1.7.0:
  version "1.7.0"
  resolved "https://artifactory.csq.fr/api/npm/npm/underscore/-/underscore-1.7.0.tgz#6bbaf0877500d36be34ecaa584e0db9fef035209"
  integrity sha1-a7rwh3UA02vjTsqlhODbn+8DUgk=

utility-types@^3.10.0:
  version "3.10.0"
  resolved "https://artifactory.csq.fr/api/npm/npm/utility-types/-/utility-types-3.10.0.tgz#ea4148f9a741015f05ed74fd615e1d20e6bed82b"
  integrity sha1-6kFI+adBAV8F7XT9YV4dIOa+2Cs=

voca@^1.4.0:
  version "1.4.0"
  resolved "https://artifactory.csq.fr/api/npm/npm/voca/-/voca-1.4.0.tgz#e15ac58b38290b72acc0c330366b6cc7984924d7"
  integrity sha1-4VrFizgpC3KswMMwNmtsx5hJJNc=

"walkdir@>= 0.0.1":
  version "0.4.1"
  resolved "https://artifactory.csq.fr/api/npm/npm/walkdir/-/walkdir-0.4.1.tgz#dc119f83f4421df52e3061e514228a2db20afa39"
  integrity sha1-3BGfg/RCHfUuMGHlFCKKLbIK+jk=

wordwrap@~0.0.2:
  version "0.0.3"
  resolved "https://artifactory.csq.fr/api/npm/npm/wordwrap/-/wordwrap-0.0.3.tgz#a3d5da6cd5c0bc0008d37234bbaf1bed63059107"
  integrity sha1-o9XabNXAvAAI03I0u68b7WMFkQc=
